
Microsoft Visual Studio Solution File, Format Version 12.00
# Visual Studio Version 17
VisualStudioVersion = 17.6.33829.357
MinimumVisualStudioVersion = 10.0.40219.1
Project("{FAE04EC0-301F-11D3-BF4B-00C04F79EFBC}") = "ConsoleApp2", "ConsoleApp2.csproj", "{A88982F6-823B-45D9-8B6C-9F4895635A0B}"
EndProject
Global
	GlobalSection(SolutionConfigurationPlatforms) = preSolution
		Debug|Any CPU = Debug|Any CPU
		Release|Any CPU = Release|Any CPU
	EndGlobalSection
	GlobalSection(ProjectConfigurationPlatforms) = postSolution
		{A88982F6-823B-45D9-8B6C-9F4895635A0B}.Debug|Any CPU.ActiveCfg = Debug|Any CPU
		{A88982F6-823B-45D9-8B6C-9F4895635A0B}.Debug|Any CPU.Build.0 = Debug|Any CPU
		{A88982F6-823B-45D9-8B6C-9F4895635A0B}.Release|Any CPU.ActiveCfg = Release|Any CPU
		{A88982F6-823B-45D9-8B6C-9F4895635A0B}.Release|Any CPU.Build.0 = Release|Any CPU
	EndGlobalSection
	GlobalSection(SolutionProperties) = preSolution
		HideSolutionNode = FALSE
	EndGlobalSection
	GlobalSection(ExtensibilityGlobals) = postSolution
		SolutionGuid = {E87ECD32-8873-4F5E-82BA-542890F76108}
	EndGlobalSection
EndGlobal
